// !$*UTF8*$!
{
	archiveVersion = 1;
	classes = {
	};
	objectVersion = 56;
	objects = {

/* Begin PBXBuildFile section */
		C70CA3F5299220AC00FBD6D2 /* RMService.swift in Sources */ = {isa = PBXBuildFile; fileRef = C70CA3F4299220AC00FBD6D2 /* RMService.swift */; };
		C70CA3F7299220C200FBD6D2 /* RMRequest.swift in Sources */ = {isa = PBXBuildFile; fileRef = C70CA3F6299220C200FBD6D2 /* RMRequest.swift */; };
		C70CA3F9299221A900FBD6D2 /* RMEndpoint.swift in Sources */ = {isa = PBXBuildFile; fileRef = C70CA3F8299221A900FBD6D2 /* RMEndpoint.swift */; };
		C735FE0529B0082D004E879A /* RMEpisodeListView.swift in Sources */ = {isa = PBXBuildFile; fileRef = C735FE0429B0082D004E879A /* RMEpisodeListView.swift */; };
		C735FE0729B00AB7004E879A /* RMEpisodeListViewViewModel.swift in Sources */ = {isa = PBXBuildFile; fileRef = C735FE0629B00AB7004E879A /* RMEpisodeListViewViewModel.swift */; };
		C735FE0929B039D8004E879A /* RMGetAllEpisodesResponse.swift in Sources */ = {isa = PBXBuildFile; fileRef = C735FE0829B039D8004E879A /* RMGetAllEpisodesResponse.swift */; };
		C736015329D30DED00452156 /* RMSearchOptionPickerViewController.swift in Sources */ = {isa = PBXBuildFile; fileRef = C736015229D30DED00452156 /* RMSearchOptionPickerViewController.swift */; };
		C740859729B6B2A400F8224B /* RMSettingsViewViewModel.swift in Sources */ = {isa = PBXBuildFile; fileRef = C740859629B6B2A400F8224B /* RMSettingsViewViewModel.swift */; };
		C740859929B6B2F100F8224B /* RMSettingsCellViewModel.swift in Sources */ = {isa = PBXBuildFile; fileRef = C740859829B6B2F100F8224B /* RMSettingsCellViewModel.swift */; };
		C740859B29B6B37500F8224B /* RMSettingsOption.swift in Sources */ = {isa = PBXBuildFile; fileRef = C740859A29B6B37500F8224B /* RMSettingsOption.swift */; };
		C75185BD29CCD1770086C5F1 /* RMSearchView.swift in Sources */ = {isa = PBXBuildFile; fileRef = C75185BC29CCD1770086C5F1 /* RMSearchView.swift */; };
		C75185BF29CCE4C50086C5F1 /* RMSearchViewViewModel.swift in Sources */ = {isa = PBXBuildFile; fileRef = C75185BE29CCE4C50086C5F1 /* RMSearchViewViewModel.swift */; };
		C75185C329CCE6DE0086C5F1 /* RMNoSearchResultView.swift in Sources */ = {isa = PBXBuildFile; fileRef = C75185C229CCE6DE0086C5F1 /* RMNoSearchResultView.swift */; };
		C75185C629CCE7210086C5F1 /* RMNoSearchResultViewViewModel.swift in Sources */ = {isa = PBXBuildFile; fileRef = C75185C529CCE7210086C5F1 /* RMNoSearchResultViewViewModel.swift */; };
		C75185C829CCE75E0086C5F1 /* RMSearchInputView.swift in Sources */ = {isa = PBXBuildFile; fileRef = C75185C729CCE75E0086C5F1 /* RMSearchInputView.swift */; };
		C75185CA29CCE7710086C5F1 /* RMSearchInputViewViewModel.swift in Sources */ = {isa = PBXBuildFile; fileRef = C75185C929CCE7710086C5F1 /* RMSearchInputViewViewModel.swift */; };
		C758126329BA433C0069B5FD /* RMGetLocationsResponse.swift in Sources */ = {isa = PBXBuildFile; fileRef = C758126229BA433C0069B5FD /* RMGetLocationsResponse.swift */; };
		C758126529BA464F0069B5FD /* RMLocationTableViewCell.swift in Sources */ = {isa = PBXBuildFile; fileRef = C758126429BA464F0069B5FD /* RMLocationTableViewCell.swift */; };
		C758126829BA471A0069B5FD /* RMLocationTableViewCellViewModel.swift in Sources */ = {isa = PBXBuildFile; fileRef = C758126729BA471A0069B5FD /* RMLocationTableViewCellViewModel.swift */; };
		C7735F47299C85150076DB49 /* RMCharacterDetailViewController.swift in Sources */ = {isa = PBXBuildFile; fileRef = C7735F46299C85150076DB49 /* RMCharacterDetailViewController.swift */; };
		C7735F49299C85B90076DB49 /* RMCharacterDetailView.swift in Sources */ = {isa = PBXBuildFile; fileRef = C7735F48299C85B90076DB49 /* RMCharacterDetailView.swift */; };
		C7735F4B299C85D10076DB49 /* RMCharacterDetailViewViewModel.swift in Sources */ = {isa = PBXBuildFile; fileRef = C7735F4A299C85D10076DB49 /* RMCharacterDetailViewViewModel.swift */; };
		C77BD1562998007C00D9607B /* RMCharacterCollectionViewCell.swift in Sources */ = {isa = PBXBuildFile; fileRef = C77BD1552998007C00D9607B /* RMCharacterCollectionViewCell.swift */; };
		C77BD1582998020400D9607B /* RMCharacterCollectionViewCellViewModel.swift in Sources */ = {isa = PBXBuildFile; fileRef = C77BD1572998020400D9607B /* RMCharacterCollectionViewCellViewModel.swift */; };
		C77FA14E2994F15C00A7B4EF /* RMGetAllCharacterResponse.swift in Sources */ = {isa = PBXBuildFile; fileRef = C77FA14D2994F15C00A7B4EF /* RMGetAllCharacterResponse.swift */; };
		C78029EF29A1D95D00B7B616 /* RMImageLoader.swift in Sources */ = {isa = PBXBuildFile; fileRef = C78029EE29A1D95D00B7B616 /* RMImageLoader.swift */; };
		C7967461299DD92A006BDB5C /* RMFooterLoadingCollectionReusableView.swift in Sources */ = {isa = PBXBuildFile; fileRef = C7967460299DD92A006BDB5C /* RMFooterLoadingCollectionReusableView.swift */; };
		C79A091F2993279300FB72AC /* RMOrigin.swift in Sources */ = {isa = PBXBuildFile; fileRef = C79A091E2993279300FB72AC /* RMOrigin.swift */; };
		C79A0921299327F800FB72AC /* RMSingleLocation.swift in Sources */ = {isa = PBXBuildFile; fileRef = C79A0920299327F800FB72AC /* RMSingleLocation.swift */; };
		C79A09232993293400FB72AC /* RMCharacterStatus.swift in Sources */ = {isa = PBXBuildFile; fileRef = C79A09222993293400FB72AC /* RMCharacterStatus.swift */; };
		C79A09252993294800FB72AC /* RMCharacterGender.swift in Sources */ = {isa = PBXBuildFile; fileRef = C79A09242993294800FB72AC /* RMCharacterGender.swift */; };
		C7A51A3229C97DEB00648D3D /* RMLocationDetailViewController.swift in Sources */ = {isa = PBXBuildFile; fileRef = C7A51A3129C97DEB00648D3D /* RMLocationDetailViewController.swift */; };
		C7A51A3529C9802E00648D3D /* RMLocationDetailView.swift in Sources */ = {isa = PBXBuildFile; fileRef = C7A51A3429C9802E00648D3D /* RMLocationDetailView.swift */; };
		C7A51A3729C9813100648D3D /* RMLocationDetailViewViewModel.swift in Sources */ = {isa = PBXBuildFile; fileRef = C7A51A3629C9813100648D3D /* RMLocationDetailViewViewModel.swift */; };
		C7B002A329B7682C00A0EA5E /* RMSettingsView.swift in Sources */ = {isa = PBXBuildFile; fileRef = C7B002A229B7682C00A0EA5E /* RMSettingsView.swift */; };
		C7BB10982995BC640004D415 /* RMCharacterListViewViewModel.swift in Sources */ = {isa = PBXBuildFile; fileRef = C7BB10972995BC640004D415 /* RMCharacterListViewViewModel.swift */; };
		C7BB109C2995BD520004D415 /* RMCharacterListView.swift in Sources */ = {isa = PBXBuildFile; fileRef = C7BB109B2995BD520004D415 /* RMCharacterListView.swift */; };
		C7BB109E2995C2D50004D415 /* Extensions.swift in Sources */ = {isa = PBXBuildFile; fileRef = C7BB109D2995C2D50004D415 /* Extensions.swift */; };
		C7CB04BA2990ADC70098F45B /* AppDelegate.swift in Sources */ = {isa = PBXBuildFile; fileRef = C7CB04B92990ADC70098F45B /* AppDelegate.swift */; };
		C7CB04BC2990ADC70098F45B /* SceneDelegate.swift in Sources */ = {isa = PBXBuildFile; fileRef = C7CB04BB2990ADC70098F45B /* SceneDelegate.swift */; };
		C7CB04BE2990ADC70098F45B /* RMTabBarViewController.swift in Sources */ = {isa = PBXBuildFile; fileRef = C7CB04BD2990ADC70098F45B /* RMTabBarViewController.swift */; };
		C7CB04C32990ADC80098F45B /* Assets.xcassets in Resources */ = {isa = PBXBuildFile; fileRef = C7CB04C22990ADC80098F45B /* Assets.xcassets */; };
		C7CB04C62990ADC80098F45B /* LaunchScreen.storyboard in Resources */ = {isa = PBXBuildFile; fileRef = C7CB04C42990ADC80098F45B /* LaunchScreen.storyboard */; };
		C7CB04D72990B29E0098F45B /* RMLocation.swift in Sources */ = {isa = PBXBuildFile; fileRef = C7CB04D62990B29E0098F45B /* RMLocation.swift */; };
		C7CB04D92990B2B40098F45B /* RMCharacter.swift in Sources */ = {isa = PBXBuildFile; fileRef = C7CB04D82990B2B40098F45B /* RMCharacter.swift */; };
		C7CB04DB2990B2C10098F45B /* RMEpisode.swift in Sources */ = {isa = PBXBuildFile; fileRef = C7CB04DA2990B2C10098F45B /* RMEpisode.swift */; };
		C7CB04DE2990B3330098F45B /* RMCharacterViewController.swift in Sources */ = {isa = PBXBuildFile; fileRef = C7CB04DD2990B3330098F45B /* RMCharacterViewController.swift */; };
		C7CB04E02990B3490098F45B /* RMLocationViewController.swift in Sources */ = {isa = PBXBuildFile; fileRef = C7CB04DF2990B3490098F45B /* RMLocationViewController.swift */; };
		C7CB04E22990B3620098F45B /* RMEpisodeViewController.swift in Sources */ = {isa = PBXBuildFile; fileRef = C7CB04E12990B3620098F45B /* RMEpisodeViewController.swift */; };
		C7CB04E42990B3780098F45B /* RMSettingsViewController.swift in Sources */ = {isa = PBXBuildFile; fileRef = C7CB04E32990B3780098F45B /* RMSettingsViewController.swift */; };
		C7E23CFC29A9CDD700CD6D58 /* RMCharacterPhotoCollectionViewCell.swift in Sources */ = {isa = PBXBuildFile; fileRef = C7E23CFB29A9CDD700CD6D58 /* RMCharacterPhotoCollectionViewCell.swift */; };
		C7E23CFE29A9CDEF00CD6D58 /* RMCharacterInfoCollectionViewCell.swift in Sources */ = {isa = PBXBuildFile; fileRef = C7E23CFD29A9CDEF00CD6D58 /* RMCharacterInfoCollectionViewCell.swift */; };
		C7E23D0029A9CE0400CD6D58 /* RMCharacterEpisodeCollectionViewCell.swift in Sources */ = {isa = PBXBuildFile; fileRef = C7E23CFF29A9CE0400CD6D58 /* RMCharacterEpisodeCollectionViewCell.swift */; };
		C7E23D0329A9CE6900CD6D58 /* RMCharacterPhotoCollectionViewCellViewModel.swift in Sources */ = {isa = PBXBuildFile; fileRef = C7E23D0229A9CE6900CD6D58 /* RMCharacterPhotoCollectionViewCellViewModel.swift */; };
		C7E23D0529A9CE7F00CD6D58 /* RMCharacterInfoCollectionViewCellViewModel.swift in Sources */ = {isa = PBXBuildFile; fileRef = C7E23D0429A9CE7F00CD6D58 /* RMCharacterInfoCollectionViewCellViewModel.swift */; };
		C7E23D0729A9CE8F00CD6D58 /* RMCharacterEpisodeCollectionViewCellViewModel.swift in Sources */ = {isa = PBXBuildFile; fileRef = C7E23D0629A9CE8F00CD6D58 /* RMCharacterEpisodeCollectionViewCellViewModel.swift */; };
		C7EB1D4B29B959AD0084EEF4 /* RMLocationView.swift in Sources */ = {isa = PBXBuildFile; fileRef = C7EB1D4A29B959AD0084EEF4 /* RMLocationView.swift */; };
		C7EB1D4D29B95DFD0084EEF4 /* RMLocationViewViewModel.swift in Sources */ = {isa = PBXBuildFile; fileRef = C7EB1D4C29B95DFD0084EEF4 /* RMLocationViewViewModel.swift */; };
		C7F1C47329AE9D9E00BEB274 /* RMEpisodeDetailViewController.swift in Sources */ = {isa = PBXBuildFile; fileRef = C7F1C47229AE9D9E00BEB274 /* RMEpisodeDetailViewController.swift */; };
		C7F1C47529AFAE4100BEB274 /* MRAPICacheManager .swift in Sources */ = {isa = PBXBuildFile; fileRef = C7F1C47429AFAE4100BEB274 /* MRAPICacheManager .swift */; };
		C7F1C47729AFB31600BEB274 /* RMEpisodeDetailViewViewModel.swift in Sources */ = {isa = PBXBuildFile; fileRef = C7F1C47629AFB31600BEB274 /* RMEpisodeDetailViewViewModel.swift */; };
		C7F1C47929AFB37900BEB274 /* RMEpisodeDetailView.swift in Sources */ = {isa = PBXBuildFile; fileRef = C7F1C47829AFB37900BEB274 /* RMEpisodeDetailView.swift */; };
		C7F9D5FE29B1D14D00292BDA /* RMSearchViewController.swift in Sources */ = {isa = PBXBuildFile; fileRef = C7F9D5FD29B1D14D00292BDA /* RMSearchViewController.swift */; };
		C7FAF6A529B62A9B00798890 /* RMEpisodeInfoCollectionViewCell.swift in Sources */ = {isa = PBXBuildFile; fileRef = C7FAF6A429B62A9B00798890 /* RMEpisodeInfoCollectionViewCell.swift */; };
		C7FAF6A829B62AE700798890 /* RMEpisodeInfoCollectionViewCellViewModel.swift in Sources */ = {isa = PBXBuildFile; fileRef = C7FAF6A729B62AE700798890 /* RMEpisodeInfoCollectionViewCellViewModel.swift */; };
/* End PBXBuildFile section */

/* Begin PBXFileReference section */
		C70CA3F4299220AC00FBD6D2 /* RMService.swift */ = {isa = PBXFileReference; lastKnownFileType = sourcecode.swift; path = RMService.swift; sourceTree = "<group>"; };
		C70CA3F6299220C200FBD6D2 /* RMRequest.swift */ = {isa = PBXFileReference; lastKnownFileType = sourcecode.swift; path = RMRequest.swift; sourceTree = "<group>"; };
		C70CA3F8299221A900FBD6D2 /* RMEndpoint.swift */ = {isa = PBXFileReference; lastKnownFileType = sourcecode.swift; path = RMEndpoint.swift; sourceTree = "<group>"; };
		C735FE0429B0082D004E879A /* RMEpisodeListView.swift */ = {isa = PBXFileReference; lastKnownFileType = sourcecode.swift; path = RMEpisodeListView.swift; sourceTree = "<group>"; };
		C735FE0629B00AB7004E879A /* RMEpisodeListViewViewModel.swift */ = {isa = PBXFileReference; lastKnownFileType = sourcecode.swift; path = RMEpisodeListViewViewModel.swift; sourceTree = "<group>"; };
		C735FE0829B039D8004E879A /* RMGetAllEpisodesResponse.swift */ = {isa = PBXFileReference; lastKnownFileType = sourcecode.swift; path = RMGetAllEpisodesResponse.swift; sourceTree = "<group>"; };
		C736015229D30DED00452156 /* RMSearchOptionPickerViewController.swift */ = {isa = PBXFileReference; lastKnownFileType = sourcecode.swift; path = RMSearchOptionPickerViewController.swift; sourceTree = "<group>"; };
		C740859629B6B2A400F8224B /* RMSettingsViewViewModel.swift */ = {isa = PBXFileReference; lastKnownFileType = sourcecode.swift; path = RMSettingsViewViewModel.swift; sourceTree = "<group>"; };
		C740859829B6B2F100F8224B /* RMSettingsCellViewModel.swift */ = {isa = PBXFileReference; lastKnownFileType = sourcecode.swift; path = RMSettingsCellViewModel.swift; sourceTree = "<group>"; };
		C740859A29B6B37500F8224B /* RMSettingsOption.swift */ = {isa = PBXFileReference; lastKnownFileType = sourcecode.swift; path = RMSettingsOption.swift; sourceTree = "<group>"; };
		C75185BC29CCD1770086C5F1 /* RMSearchView.swift */ = {isa = PBXFileReference; lastKnownFileType = sourcecode.swift; path = RMSearchView.swift; sourceTree = "<group>"; };
		C75185BE29CCE4C50086C5F1 /* RMSearchViewViewModel.swift */ = {isa = PBXFileReference; lastKnownFileType = sourcecode.swift; path = RMSearchViewViewModel.swift; sourceTree = "<group>"; };
		C75185C229CCE6DE0086C5F1 /* RMNoSearchResultView.swift */ = {isa = PBXFileReference; lastKnownFileType = sourcecode.swift; path = RMNoSearchResultView.swift; sourceTree = "<group>"; };
		C75185C529CCE7210086C5F1 /* RMNoSearchResultViewViewModel.swift */ = {isa = PBXFileReference; lastKnownFileType = sourcecode.swift; path = RMNoSearchResultViewViewModel.swift; sourceTree = "<group>"; };
		C75185C729CCE75E0086C5F1 /* RMSearchInputView.swift */ = {isa = PBXFileReference; lastKnownFileType = sourcecode.swift; path = RMSearchInputView.swift; sourceTree = "<group>"; };
		C75185C929CCE7710086C5F1 /* RMSearchInputViewViewModel.swift */ = {isa = PBXFileReference; lastKnownFileType = sourcecode.swift; path = RMSearchInputViewViewModel.swift; sourceTree = "<group>"; };
		C758126229BA433C0069B5FD /* RMGetLocationsResponse.swift */ = {isa = PBXFileReference; lastKnownFileType = sourcecode.swift; path = RMGetLocationsResponse.swift; sourceTree = "<group>"; };
		C758126429BA464F0069B5FD /* RMLocationTableViewCell.swift */ = {isa = PBXFileReference; lastKnownFileType = sourcecode.swift; path = RMLocationTableViewCell.swift; sourceTree = "<group>"; };
		C758126729BA471A0069B5FD /* RMLocationTableViewCellViewModel.swift */ = {isa = PBXFileReference; lastKnownFileType = sourcecode.swift; path = RMLocationTableViewCellViewModel.swift; sourceTree = "<group>"; };
		C7735F46299C85150076DB49 /* RMCharacterDetailViewController.swift */ = {isa = PBXFileReference; lastKnownFileType = sourcecode.swift; path = RMCharacterDetailViewController.swift; sourceTree = "<group>"; };
		C7735F48299C85B90076DB49 /* RMCharacterDetailView.swift */ = {isa = PBXFileReference; lastKnownFileType = sourcecode.swift; path = RMCharacterDetailView.swift; sourceTree = "<group>"; };
		C7735F4A299C85D10076DB49 /* RMCharacterDetailViewViewModel.swift */ = {isa = PBXFileReference; lastKnownFileType = sourcecode.swift; path = RMCharacterDetailViewViewModel.swift; sourceTree = "<group>"; };
		C77BD1552998007C00D9607B /* RMCharacterCollectionViewCell.swift */ = {isa = PBXFileReference; lastKnownFileType = sourcecode.swift; path = RMCharacterCollectionViewCell.swift; sourceTree = "<group>"; };
		C77BD1572998020400D9607B /* RMCharacterCollectionViewCellViewModel.swift */ = {isa = PBXFileReference; lastKnownFileType = sourcecode.swift; path = RMCharacterCollectionViewCellViewModel.swift; sourceTree = "<group>"; };
		C77FA14D2994F15C00A7B4EF /* RMGetAllCharacterResponse.swift */ = {isa = PBXFileReference; lastKnownFileType = sourcecode.swift; path = RMGetAllCharacterResponse.swift; sourceTree = "<group>"; };
		C78029EE29A1D95D00B7B616 /* RMImageLoader.swift */ = {isa = PBXFileReference; lastKnownFileType = sourcecode.swift; path = RMImageLoader.swift; sourceTree = "<group>"; };
		C7967460299DD92A006BDB5C /* RMFooterLoadingCollectionReusableView.swift */ = {isa = PBXFileReference; lastKnownFileType = sourcecode.swift; path = RMFooterLoadingCollectionReusableView.swift; sourceTree = "<group>"; };
		C79A091E2993279300FB72AC /* RMOrigin.swift */ = {isa = PBXFileReference; lastKnownFileType = sourcecode.swift; path = RMOrigin.swift; sourceTree = "<group>"; };
		C79A0920299327F800FB72AC /* RMSingleLocation.swift */ = {isa = PBXFileReference; lastKnownFileType = sourcecode.swift; path = RMSingleLocation.swift; sourceTree = "<group>"; };
		C79A09222993293400FB72AC /* RMCharacterStatus.swift */ = {isa = PBXFileReference; lastKnownFileType = sourcecode.swift; path = RMCharacterStatus.swift; sourceTree = "<group>"; };
		C79A09242993294800FB72AC /* RMCharacterGender.swift */ = {isa = PBXFileReference; lastKnownFileType = sourcecode.swift; path = RMCharacterGender.swift; sourceTree = "<group>"; };
		C7A51A3129C97DEB00648D3D /* RMLocationDetailViewController.swift */ = {isa = PBXFileReference; lastKnownFileType = sourcecode.swift; path = RMLocationDetailViewController.swift; sourceTree = "<group>"; };
		C7A51A3429C9802E00648D3D /* RMLocationDetailView.swift */ = {isa = PBXFileReference; lastKnownFileType = sourcecode.swift; path = RMLocationDetailView.swift; sourceTree = "<group>"; };
		C7A51A3629C9813100648D3D /* RMLocationDetailViewViewModel.swift */ = {isa = PBXFileReference; lastKnownFileType = sourcecode.swift; path = RMLocationDetailViewViewModel.swift; sourceTree = "<group>"; };
		C7B002A229B7682C00A0EA5E /* RMSettingsView.swift */ = {isa = PBXFileReference; lastKnownFileType = sourcecode.swift; path = RMSettingsView.swift; sourceTree = "<group>"; };
		C7BB10972995BC640004D415 /* RMCharacterListViewViewModel.swift */ = {isa = PBXFileReference; lastKnownFileType = sourcecode.swift; path = RMCharacterListViewViewModel.swift; sourceTree = "<group>"; };
		C7BB109B2995BD520004D415 /* RMCharacterListView.swift */ = {isa = PBXFileReference; lastKnownFileType = sourcecode.swift; path = RMCharacterListView.swift; sourceTree = "<group>"; };
		C7BB109D2995C2D50004D415 /* Extensions.swift */ = {isa = PBXFileReference; lastKnownFileType = sourcecode.swift; path = Extensions.swift; sourceTree = "<group>"; };
		C7CB04B62990ADC70098F45B /* RickMort.app */ = {isa = PBXFileReference; explicitFileType = wrapper.application; includeInIndex = 0; path = RickMort.app; sourceTree = BUILT_PRODUCTS_DIR; };
		C7CB04B92990ADC70098F45B /* AppDelegate.swift */ = {isa = PBXFileReference; lastKnownFileType = sourcecode.swift; path = AppDelegate.swift; sourceTree = "<group>"; };
		C7CB04BB2990ADC70098F45B /* SceneDelegate.swift */ = {isa = PBXFileReference; lastKnownFileType = sourcecode.swift; path = SceneDelegate.swift; sourceTree = "<group>"; };
		C7CB04BD2990ADC70098F45B /* RMTabBarViewController.swift */ = {isa = PBXFileReference; lastKnownFileType = sourcecode.swift; path = RMTabBarViewController.swift; sourceTree = "<group>"; };
		C7CB04C22990ADC80098F45B /* Assets.xcassets */ = {isa = PBXFileReference; lastKnownFileType = folder.assetcatalog; path = Assets.xcassets; sourceTree = "<group>"; };
		C7CB04C52990ADC80098F45B /* Base */ = {isa = PBXFileReference; lastKnownFileType = file.storyboard; name = Base; path = Base.lproj/LaunchScreen.storyboard; sourceTree = "<group>"; };
		C7CB04C72990ADC80098F45B /* Info.plist */ = {isa = PBXFileReference; lastKnownFileType = text.plist.xml; path = Info.plist; sourceTree = "<group>"; };
		C7CB04D62990B29E0098F45B /* RMLocation.swift */ = {isa = PBXFileReference; lastKnownFileType = sourcecode.swift; path = RMLocation.swift; sourceTree = "<group>"; };
		C7CB04D82990B2B40098F45B /* RMCharacter.swift */ = {isa = PBXFileReference; lastKnownFileType = sourcecode.swift; path = RMCharacter.swift; sourceTree = "<group>"; };
		C7CB04DA2990B2C10098F45B /* RMEpisode.swift */ = {isa = PBXFileReference; lastKnownFileType = sourcecode.swift; path = RMEpisode.swift; sourceTree = "<group>"; };
		C7CB04DD2990B3330098F45B /* RMCharacterViewController.swift */ = {isa = PBXFileReference; lastKnownFileType = sourcecode.swift; path = RMCharacterViewController.swift; sourceTree = "<group>"; };
		C7CB04DF2990B3490098F45B /* RMLocationViewController.swift */ = {isa = PBXFileReference; lastKnownFileType = sourcecode.swift; path = RMLocationViewController.swift; sourceTree = "<group>"; };
		C7CB04E12990B3620098F45B /* RMEpisodeViewController.swift */ = {isa = PBXFileReference; lastKnownFileType = sourcecode.swift; path = RMEpisodeViewController.swift; sourceTree = "<group>"; };
		C7CB04E32990B3780098F45B /* RMSettingsViewController.swift */ = {isa = PBXFileReference; lastKnownFileType = sourcecode.swift; path = RMSettingsViewController.swift; sourceTree = "<group>"; };
		C7E23CFB29A9CDD700CD6D58 /* RMCharacterPhotoCollectionViewCell.swift */ = {isa = PBXFileReference; lastKnownFileType = sourcecode.swift; path = RMCharacterPhotoCollectionViewCell.swift; sourceTree = "<group>"; };
		C7E23CFD29A9CDEF00CD6D58 /* RMCharacterInfoCollectionViewCell.swift */ = {isa = PBXFileReference; lastKnownFileType = sourcecode.swift; path = RMCharacterInfoCollectionViewCell.swift; sourceTree = "<group>"; };
		C7E23CFF29A9CE0400CD6D58 /* RMCharacterEpisodeCollectionViewCell.swift */ = {isa = PBXFileReference; lastKnownFileType = sourcecode.swift; path = RMCharacterEpisodeCollectionViewCell.swift; sourceTree = "<group>"; };
		C7E23D0229A9CE6900CD6D58 /* RMCharacterPhotoCollectionViewCellViewModel.swift */ = {isa = PBXFileReference; lastKnownFileType = sourcecode.swift; path = RMCharacterPhotoCollectionViewCellViewModel.swift; sourceTree = "<group>"; };
		C7E23D0429A9CE7F00CD6D58 /* RMCharacterInfoCollectionViewCellViewModel.swift */ = {isa = PBXFileReference; lastKnownFileType = sourcecode.swift; path = RMCharacterInfoCollectionViewCellViewModel.swift; sourceTree = "<group>"; };
		C7E23D0629A9CE8F00CD6D58 /* RMCharacterEpisodeCollectionViewCellViewModel.swift */ = {isa = PBXFileReference; lastKnownFileType = sourcecode.swift; path = RMCharacterEpisodeCollectionViewCellViewModel.swift; sourceTree = "<group>"; };
		C7EB1D4A29B959AD0084EEF4 /* RMLocationView.swift */ = {isa = PBXFileReference; lastKnownFileType = sourcecode.swift; path = RMLocationView.swift; sourceTree = "<group>"; };
		C7EB1D4C29B95DFD0084EEF4 /* RMLocationViewViewModel.swift */ = {isa = PBXFileReference; lastKnownFileType = sourcecode.swift; path = RMLocationViewViewModel.swift; sourceTree = "<group>"; };
		C7F1C47229AE9D9E00BEB274 /* RMEpisodeDetailViewController.swift */ = {isa = PBXFileReference; lastKnownFileType = sourcecode.swift; path = RMEpisodeDetailViewController.swift; sourceTree = "<group>"; };
		C7F1C47429AFAE4100BEB274 /* MRAPICacheManager .swift */ = {isa = PBXFileReference; lastKnownFileType = sourcecode.swift; path = "MRAPICacheManager .swift"; sourceTree = "<group>"; };
		C7F1C47629AFB31600BEB274 /* RMEpisodeDetailViewViewModel.swift */ = {isa = PBXFileReference; lastKnownFileType = sourcecode.swift; path = RMEpisodeDetailViewViewModel.swift; sourceTree = "<group>"; };
		C7F1C47829AFB37900BEB274 /* RMEpisodeDetailView.swift */ = {isa = PBXFileReference; lastKnownFileType = sourcecode.swift; path = RMEpisodeDetailView.swift; sourceTree = "<group>"; };
		C7F9D5FD29B1D14D00292BDA /* RMSearchViewController.swift */ = {isa = PBXFileReference; lastKnownFileType = sourcecode.swift; path = RMSearchViewController.swift; sourceTree = "<group>"; };
		C7FAF6A429B62A9B00798890 /* RMEpisodeInfoCollectionViewCell.swift */ = {isa = PBXFileReference; lastKnownFileType = sourcecode.swift; path = RMEpisodeInfoCollectionViewCell.swift; sourceTree = "<group>"; };
		C7FAF6A729B62AE700798890 /* RMEpisodeInfoCollectionViewCellViewModel.swift */ = {isa = PBXFileReference; lastKnownFileType = sourcecode.swift; path = RMEpisodeInfoCollectionViewCellViewModel.swift; sourceTree = "<group>"; };
/* End PBXFileReference section */

/* Begin PBXFrameworksBuildPhase section */
		C7CB04B32990ADC70098F45B /* Frameworks */ = {
			isa = PBXFrameworksBuildPhase;
			buildActionMask = 2147483647;
			files = (
			);
			runOnlyForDeploymentPostprocessing = 0;
		};
/* End PBXFrameworksBuildPhase section */

/* Begin PBXGroup section */
		C735FE0329B007C8004E879A /* Episode */ = {
			isa = PBXGroup;
			children = (
				C735FE0429B0082D004E879A /* RMEpisodeListView.swift */,
			);
			path = Episode;
			sourceTree = "<group>";
		};
		C736015429D30EF900452156 /* Search */ = {
			isa = PBXGroup;
			children = (
				C736015229D30DED00452156 /* RMSearchOptionPickerViewController.swift */,
				C7F9D5FD29B1D14D00292BDA /* RMSearchViewController.swift */,
			);
			path = Search;
			sourceTree = "<group>";
		};
		C740859529B6B28800F8224B /* Settings */ = {
			isa = PBXGroup;
			children = (
				C740859629B6B2A400F8224B /* RMSettingsViewViewModel.swift */,
				C740859829B6B2F100F8224B /* RMSettingsCellViewModel.swift */,
				C740859A29B6B37500F8224B /* RMSettingsOption.swift */,
			);
			path = Settings;
			sourceTree = "<group>";
		};
		C75185BB29CCD08B0086C5F1 /* Search */ = {
			isa = PBXGroup;
			children = (
				C75185BC29CCD1770086C5F1 /* RMSearchView.swift */,
				C75185C229CCE6DE0086C5F1 /* RMNoSearchResultView.swift */,
				C75185C729CCE75E0086C5F1 /* RMSearchInputView.swift */,
			);
			path = Search;
			sourceTree = "<group>";
		};
		C75185C429CCE6FF0086C5F1 /* Search */ = {
			isa = PBXGroup;
			children = (
				C75185BE29CCE4C50086C5F1 /* RMSearchViewViewModel.swift */,
				C75185C529CCE7210086C5F1 /* RMNoSearchResultViewViewModel.swift */,
				C75185C929CCE7710086C5F1 /* RMSearchInputViewViewModel.swift */,
			);
			path = Search;
			sourceTree = "<group>";
		};
		C758126629BA46EF0069B5FD /* Locations */ = {
			isa = PBXGroup;
			children = (
				C7EB1D4C29B95DFD0084EEF4 /* RMLocationViewViewModel.swift */,
				C758126729BA471A0069B5FD /* RMLocationTableViewCellViewModel.swift */,
				C7A51A3629C9813100648D3D /* RMLocationDetailViewViewModel.swift */,
			);
			path = Locations;
			sourceTree = "<group>";
		};
		C7735F45299C84DD0076DB49 /* Other */ = {
			isa = PBXGroup;
			children = (
				C736015429D30EF900452156 /* Search */,
				C7735F46299C85150076DB49 /* RMCharacterDetailViewController.swift */,
				C7F1C47229AE9D9E00BEB274 /* RMEpisodeDetailViewController.swift */,
				C7A51A3129C97DEB00648D3D /* RMLocationDetailViewController.swift */,
			);
			path = Other;
			sourceTree = "<group>";
		};
		C77FA14B2994F10100A7B4EF /* DataTypes */ = {
			isa = PBXGroup;
			children = (
				C7CB04D62990B29E0098F45B /* RMLocation.swift */,
				C7CB04D82990B2B40098F45B /* RMCharacter.swift */,
				C7CB04DA2990B2C10098F45B /* RMEpisode.swift */,
				C79A091E2993279300FB72AC /* RMOrigin.swift */,
				C79A0920299327F800FB72AC /* RMSingleLocation.swift */,
				C79A09222993293400FB72AC /* RMCharacterStatus.swift */,
				C79A09242993294800FB72AC /* RMCharacterGender.swift */,
			);
			path = DataTypes;
			sourceTree = "<group>";
		};
		C77FA14C2994F12700A7B4EF /* APIResponseTypes */ = {
			isa = PBXGroup;
			children = (
				C77FA14D2994F15C00A7B4EF /* RMGetAllCharacterResponse.swift */,
				C735FE0829B039D8004E879A /* RMGetAllEpisodesResponse.swift */,
				C758126229BA433C0069B5FD /* RMGetLocationsResponse.swift */,
			);
			path = APIResponseTypes;
			sourceTree = "<group>";
		};
		C7A51A3329C97FF200648D3D /* LocationsDetail */ = {
			isa = PBXGroup;
			children = (
				C7A51A3429C9802E00648D3D /* RMLocationDetailView.swift */,
			);
			path = LocationsDetail;
			sourceTree = "<group>";
		};
		C7B002A129B7680700A0EA5E /* SwiftUI */ = {
			isa = PBXGroup;
			children = (
				C7B002A229B7682C00A0EA5E /* RMSettingsView.swift */,
			);
			path = SwiftUI;
			sourceTree = "<group>";
		};
		C7CB04AD2990ADC70098F45B = {
			isa = PBXGroup;
			children = (
				C7CB04B82990ADC70098F45B /* RickMort */,
				C7CB04B72990ADC70098F45B /* Products */,
			);
			sourceTree = "<group>";
		};
		C7CB04B72990ADC70098F45B /* Products */ = {
			isa = PBXGroup;
			children = (
				C7CB04B62990ADC70098F45B /* RickMort.app */,
			);
			name = Products;
			sourceTree = "<group>";
		};
		C7CB04B82990ADC70098F45B /* RickMort */ = {
			isa = PBXGroup;
			children = (
				C7CB04D52990B1800098F45B /* Resources */,
				C7CB04D42990B16D0098F45B /* Managers */,
				C7CB04D32990B1620098F45B /* APIClent */,
				C7CB04D22990B15B0098F45B /* ViewModels */,
				C7CB04D12990B1550098F45B /* Views */,
				C7CB04D02990B14E0098F45B /* Models */,
				C7CB04CF2990B1440098F45B /* Controllers */,
				C7CB04C72990ADC80098F45B /* Info.plist */,
			);
			path = RickMort;
			sourceTree = "<group>";
		};
		C7CB04CF2990B1440098F45B /* Controllers */ = {
			isa = PBXGroup;
			children = (
				C7735F45299C84DD0076DB49 /* Other */,
				C7CB04DC2990B3070098F45B /* Core */,
			);
			path = Controllers;
			sourceTree = "<group>";
		};
		C7CB04D02990B14E0098F45B /* Models */ = {
			isa = PBXGroup;
			children = (
				C77FA14C2994F12700A7B4EF /* APIResponseTypes */,
				C77FA14B2994F10100A7B4EF /* DataTypes */,
			);
			path = Models;
			sourceTree = "<group>";
		};
		C7CB04D12990B1550098F45B /* Views */ = {
			isa = PBXGroup;
			children = (
				C75185BB29CCD08B0086C5F1 /* Search */,
				C7A51A3329C97FF200648D3D /* LocationsDetail */,
				C7EB1D4929B9597E0084EEF4 /* Location */,
				C7B002A129B7680700A0EA5E /* SwiftUI */,
				C7FAF6A329B62A2D00798890 /* EpisodeDetails */,
				C735FE0329B007C8004E879A /* Episode */,
				C7E23CF929A9CD1B00CD6D58 /* CharacterDetails */,
				C7E23CFA29A9CD5600CD6D58 /* Charater */,
				C7967460299DD92A006BDB5C /* RMFooterLoadingCollectionReusableView.swift */,
			);
			path = Views;
			sourceTree = "<group>";
		};
		C7CB04D22990B15B0098F45B /* ViewModels */ = {
			isa = PBXGroup;
			children = (
				C75185C429CCE6FF0086C5F1 /* Search */,
				C758126629BA46EF0069B5FD /* Locations */,
				C740859529B6B28800F8224B /* Settings */,
				C7FAF6A629B62AB600798890 /* EpisodeDetail */,
				C7E23D0129A9CE1700CD6D58 /* CharacterDetail */,
				C7BB10972995BC640004D415 /* RMCharacterListViewViewModel.swift */,
				C77BD1572998020400D9607B /* RMCharacterCollectionViewCellViewModel.swift */,
				C735FE0629B00AB7004E879A /* RMEpisodeListViewViewModel.swift */,
			);
			path = ViewModels;
			sourceTree = "<group>";
		};
		C7CB04D32990B1620098F45B /* APIClent */ = {
			isa = PBXGroup;
			children = (
				C70CA3F4299220AC00FBD6D2 /* RMService.swift */,
				C70CA3F6299220C200FBD6D2 /* RMRequest.swift */,
				C70CA3F8299221A900FBD6D2 /* RMEndpoint.swift */,
			);
			path = APIClent;
			sourceTree = "<group>";
		};
		C7CB04D42990B16D0098F45B /* Managers */ = {
			isa = PBXGroup;
			children = (
				C78029EE29A1D95D00B7B616 /* RMImageLoader.swift */,
				C7F1C47429AFAE4100BEB274 /* MRAPICacheManager .swift */,
			);
			path = Managers;
			sourceTree = "<group>";
		};
		C7CB04D52990B1800098F45B /* Resources */ = {
			isa = PBXGroup;
			children = (
				C7CB04B92990ADC70098F45B /* AppDelegate.swift */,
				C7CB04BB2990ADC70098F45B /* SceneDelegate.swift */,
				C7CB04C22990ADC80098F45B /* Assets.xcassets */,
				C7CB04C42990ADC80098F45B /* LaunchScreen.storyboard */,
				C7BB109D2995C2D50004D415 /* Extensions.swift */,
			);
			path = Resources;
			sourceTree = "<group>";
		};
		C7CB04DC2990B3070098F45B /* Core */ = {
			isa = PBXGroup;
			children = (
				C7CB04BD2990ADC70098F45B /* RMTabBarViewController.swift */,
				C7CB04DD2990B3330098F45B /* RMCharacterViewController.swift */,
				C7CB04DF2990B3490098F45B /* RMLocationViewController.swift */,
				C7CB04E12990B3620098F45B /* RMEpisodeViewController.swift */,
				C7CB04E32990B3780098F45B /* RMSettingsViewController.swift */,
			);
			path = Core;
			sourceTree = "<group>";
		};
		C7E23CF929A9CD1B00CD6D58 /* CharacterDetails */ = {
			isa = PBXGroup;
			children = (
				C7735F48299C85B90076DB49 /* RMCharacterDetailView.swift */,
				C7E23CFB29A9CDD700CD6D58 /* RMCharacterPhotoCollectionViewCell.swift */,
				C7E23CFD29A9CDEF00CD6D58 /* RMCharacterInfoCollectionViewCell.swift */,
				C7E23CFF29A9CE0400CD6D58 /* RMCharacterEpisodeCollectionViewCell.swift */,
			);
			path = CharacterDetails;
			sourceTree = "<group>";
		};
		C7E23CFA29A9CD5600CD6D58 /* Charater */ = {
			isa = PBXGroup;
			children = (
				C7BB109B2995BD520004D415 /* RMCharacterListView.swift */,
				C77BD1552998007C00D9607B /* RMCharacterCollectionViewCell.swift */,
			);
			path = Charater;
			sourceTree = "<group>";
		};
		C7E23D0129A9CE1700CD6D58 /* CharacterDetail */ = {
			isa = PBXGroup;
			children = (
				C7735F4A299C85D10076DB49 /* RMCharacterDetailViewViewModel.swift */,
				C7E23D0229A9CE6900CD6D58 /* RMCharacterPhotoCollectionViewCellViewModel.swift */,
				C7E23D0429A9CE7F00CD6D58 /* RMCharacterInfoCollectionViewCellViewModel.swift */,
				C7E23D0629A9CE8F00CD6D58 /* RMCharacterEpisodeCollectionViewCellViewModel.swift */,
			);
			path = CharacterDetail;
			sourceTree = "<group>";
		};
		C7EB1D4929B9597E0084EEF4 /* Location */ = {
			isa = PBXGroup;
			children = (
				C7EB1D4A29B959AD0084EEF4 /* RMLocationView.swift */,
				C758126429BA464F0069B5FD /* RMLocationTableViewCell.swift */,
			);
			path = Location;
			sourceTree = "<group>";
		};
		C7FAF6A329B62A2D00798890 /* EpisodeDetails */ = {
			isa = PBXGroup;
			children = (
				C7F1C47829AFB37900BEB274 /* RMEpisodeDetailView.swift */,
				C7FAF6A429B62A9B00798890 /* RMEpisodeInfoCollectionViewCell.swift */,
			);
			path = EpisodeDetails;
			sourceTree = "<group>";
		};
		C7FAF6A629B62AB600798890 /* EpisodeDetail */ = {
			isa = PBXGroup;
			children = (
				C7F1C47629AFB31600BEB274 /* RMEpisodeDetailViewViewModel.swift */,
				C7FAF6A729B62AE700798890 /* RMEpisodeInfoCollectionViewCellViewModel.swift */,
			);
			path = EpisodeDetail;
			sourceTree = "<group>";
		};
/* End PBXGroup section */

/* Begin PBXNativeTarget section */
		C7CB04B52990ADC70098F45B /* RickMort */ = {
			isa = PBXNativeTarget;
			buildConfigurationList = C7CB04CA2990ADC80098F45B /* Build configuration list for PBXNativeTarget "RickMort" */;
			buildPhases = (
				C7CB04B22990ADC70098F45B /* Sources */,
				C7CB04B32990ADC70098F45B /* Frameworks */,
				C7CB04B42990ADC70098F45B /* Resources */,
			);
			buildRules = (
			);
			dependencies = (
			);
			name = RickMort;
			productName = RickMort;
			productReference = C7CB04B62990ADC70098F45B /* RickMort.app */;
			productType = "com.apple.product-type.application";
		};
/* End PBXNativeTarget section */

/* Begin PBXProject section */
		C7CB04AE2990ADC70098F45B /* Project object */ = {
			isa = PBXProject;
			attributes = {
				BuildIndependentTargetsInParallel = 1;
				LastSwiftUpdateCheck = 1400;
				LastUpgradeCheck = 1400;
				TargetAttributes = {
					C7CB04B52990ADC70098F45B = {
						CreatedOnToolsVersion = 14.0;
					};
				};
			};
			buildConfigurationList = C7CB04B12990ADC70098F45B /* Build configuration list for PBXProject "RickMort" */;
			compatibilityVersion = "Xcode 14.0";
			developmentRegion = en;
			hasScannedForEncodings = 0;
			knownRegions = (
				en,
				Base,
			);
			mainGroup = C7CB04AD2990ADC70098F45B;
			productRefGroup = C7CB04B72990ADC70098F45B /* Products */;
			projectDirPath = "";
			projectRoot = "";
			targets = (
				C7CB04B52990ADC70098F45B /* RickMort */,
			);
		};
/* End PBXProject section */

/* Begin PBXResourcesBuildPhase section */
		C7CB04B42990ADC70098F45B /* Resources */ = {
			isa = PBXResourcesBuildPhase;
			buildActionMask = 2147483647;
			files = (
				C7CB04C62990ADC80098F45B /* LaunchScreen.storyboard in Resources */,
				C7CB04C32990ADC80098F45B /* Assets.xcassets in Resources */,
			);
			runOnlyForDeploymentPostprocessing = 0;
		};
/* End PBXResourcesBuildPhase section */

/* Begin PBXSourcesBuildPhase section */
		C7CB04B22990ADC70098F45B /* Sources */ = {
			isa = PBXSourcesBuildPhase;
			buildActionMask = 2147483647;
			files = (
				C7E23D0329A9CE6900CD6D58 /* RMCharacterPhotoCollectionViewCellViewModel.swift in Sources */,
				C77FA14E2994F15C00A7B4EF /* RMGetAllCharacterResponse.swift in Sources */,
				C7735F4B299C85D10076DB49 /* RMCharacterDetailViewViewModel.swift in Sources */,
				C7F9D5FE29B1D14D00292BDA /* RMSearchViewController.swift in Sources */,
				C75185BF29CCE4C50086C5F1 /* RMSearchViewViewModel.swift in Sources */,
				C79A091F2993279300FB72AC /* RMOrigin.swift in Sources */,
				C7F1C47929AFB37900BEB274 /* RMEpisodeDetailView.swift in Sources */,
				C7BB109C2995BD520004D415 /* RMCharacterListView.swift in Sources */,
				C79A0921299327F800FB72AC /* RMSingleLocation.swift in Sources */,
				C7A51A3729C9813100648D3D /* RMLocationDetailViewViewModel.swift in Sources */,
				C79A09232993293400FB72AC /* RMCharacterStatus.swift in Sources */,
				C79A09252993294800FB72AC /* RMCharacterGender.swift in Sources */,
				C735FE0529B0082D004E879A /* RMEpisodeListView.swift in Sources */,
				C7735F47299C85150076DB49 /* RMCharacterDetailViewController.swift in Sources */,
				C7967461299DD92A006BDB5C /* RMFooterLoadingCollectionReusableView.swift in Sources */,
				C758126329BA433C0069B5FD /* RMGetLocationsResponse.swift in Sources */,
				C7CB04DB2990B2C10098F45B /* RMEpisode.swift in Sources */,
				C758126529BA464F0069B5FD /* RMLocationTableViewCell.swift in Sources */,
				C740859729B6B2A400F8224B /* RMSettingsViewViewModel.swift in Sources */,
				C7CB04E02990B3490098F45B /* RMLocationViewController.swift in Sources */,
				C7E23CFE29A9CDEF00CD6D58 /* RMCharacterInfoCollectionViewCell.swift in Sources */,
				C7E23CFC29A9CDD700CD6D58 /* RMCharacterPhotoCollectionViewCell.swift in Sources */,
				C740859B29B6B37500F8224B /* RMSettingsOption.swift in Sources */,
				C7E23D0529A9CE7F00CD6D58 /* RMCharacterInfoCollectionViewCellViewModel.swift in Sources */,
				C75185CA29CCE7710086C5F1 /* RMSearchInputViewViewModel.swift in Sources */,
				C7CB04BE2990ADC70098F45B /* RMTabBarViewController.swift in Sources */,
				C7A51A3229C97DEB00648D3D /* RMLocationDetailViewController.swift in Sources */,
				C77BD1562998007C00D9607B /* RMCharacterCollectionViewCell.swift in Sources */,
				C7CB04E22990B3620098F45B /* RMEpisodeViewController.swift in Sources */,
				C78029EF29A1D95D00B7B616 /* RMImageLoader.swift in Sources */,
				C7CB04BA2990ADC70098F45B /* AppDelegate.swift in Sources */,
				C740859929B6B2F100F8224B /* RMSettingsCellViewModel.swift in Sources */,
				C7B002A329B7682C00A0EA5E /* RMSettingsView.swift in Sources */,
				C75185BD29CCD1770086C5F1 /* RMSearchView.swift in Sources */,
				C7E23D0729A9CE8F00CD6D58 /* RMCharacterEpisodeCollectionViewCellViewModel.swift in Sources */,
				C7CB04BC2990ADC70098F45B /* SceneDelegate.swift in Sources */,
				C7CB04E42990B3780098F45B /* RMSettingsViewController.swift in Sources */,
				C7BB109E2995C2D50004D415 /* Extensions.swift in Sources */,
				C75185C829CCE75E0086C5F1 /* RMSearchInputView.swift in Sources */,
				C70CA3F5299220AC00FBD6D2 /* RMService.swift in Sources */,
				C7CB04D72990B29E0098F45B /* RMLocation.swift in Sources */,
				C70CA3F9299221A900FBD6D2 /* RMEndpoint.swift in Sources */,
				C7F1C47529AFAE4100BEB274 /* MRAPICacheManager .swift in Sources */,
				C7A51A3529C9802E00648D3D /* RMLocationDetailView.swift in Sources */,
				C75185C629CCE7210086C5F1 /* RMNoSearchResultViewViewModel.swift in Sources */,
				C7F1C47329AE9D9E00BEB274 /* RMEpisodeDetailViewController.swift in Sources */,
				C736015329D30DED00452156 /* RMSearchOptionPickerViewController.swift in Sources */,
				C75185C329CCE6DE0086C5F1 /* RMNoSearchResultView.swift in Sources */,
				C7CB04D92990B2B40098F45B /* RMCharacter.swift in Sources */,
				C77BD1582998020400D9607B /* RMCharacterCollectionViewCellViewModel.swift in Sources */,
				C70CA3F7299220C200FBD6D2 /* RMRequest.swift in Sources */,
				C7BB10982995BC640004D415 /* RMCharacterListViewViewModel.swift in Sources */,
				C7E23D0029A9CE0400CD6D58 /* RMCharacterEpisodeCollectionViewCell.swift in Sources */,
				C7EB1D4B29B959AD0084EEF4 /* RMLocationView.swift in Sources */,
				C735FE0729B00AB7004E879A /* RMEpisodeListViewViewModel.swift in Sources */,
				C758126829BA471A0069B5FD /* RMLocationTableViewCellViewModel.swift in Sources */,
				C7CB04DE2990B3330098F45B /* RMCharacterViewController.swift in Sources */,
				C735FE0929B039D8004E879A /* RMGetAllEpisodesResponse.swift in Sources */,
				C7FAF6A829B62AE700798890 /* RMEpisodeInfoCollectionViewCellViewModel.swift in Sources */,
				C7FAF6A529B62A9B00798890 /* RMEpisodeInfoCollectionViewCell.swift in Sources */,
				C7F1C47729AFB31600BEB274 /* RMEpisodeDetailViewViewModel.swift in Sources */,
				C7735F49299C85B90076DB49 /* RMCharacterDetailView.swift in Sources */,
				C7EB1D4D29B95DFD0084EEF4 /* RMLocationViewViewModel.swift in Sources */,
			);
			runOnlyForDeploymentPostprocessing = 0;
		};
/* End PBXSourcesBuildPhase section */

/* Begin PBXVariantGroup section */
		C7CB04C42990ADC80098F45B /* LaunchScreen.storyboard */ = {
			isa = PBXVariantGroup;
			children = (
				C7CB04C52990ADC80098F45B /* Base */,
			);
			name = LaunchScreen.storyboard;
			sourceTree = "<group>";
		};
/* End PBXVariantGroup section */

/* Begin XCBuildConfiguration section */
		C7CB04C82990ADC80098F45B /* Debug */ = {
			isa = XCBuildConfiguration;
			buildSettings = {
				ALWAYS_SEARCH_USER_PATHS = NO;
				CLANG_ANALYZER_NONNULL = YES;
				CLANG_ANALYZER_NUMBER_OBJECT_CONVERSION = YES_AGGRESSIVE;
				CLANG_CXX_LANGUAGE_STANDARD = "gnu++20";
				CLANG_ENABLE_MODULES = YES;
				CLANG_ENABLE_OBJC_ARC = YES;
				CLANG_ENABLE_OBJC_WEAK = YES;
				CLANG_WARN_BLOCK_CAPTURE_AUTORELEASING = YES;
				CLANG_WARN_BOOL_CONVERSION = YES;
				CLANG_WARN_COMMA = YES;
				CLANG_WARN_CONSTANT_CONVERSION = YES;
				CLANG_WARN_DEPRECATED_OBJC_IMPLEMENTATIONS = YES;
				CLANG_WARN_DIRECT_OBJC_ISA_USAGE = YES_ERROR;
				CLANG_WARN_DOCUMENTATION_COMMENTS = YES;
				CLANG_WARN_EMPTY_BODY = YES;
				CLANG_WARN_ENUM_CONVERSION = YES;
				CLANG_WARN_INFINITE_RECURSION = YES;
				CLANG_WARN_INT_CONVERSION = YES;
				CLANG_WARN_NON_LITERAL_NULL_CONVERSION = YES;
				CLANG_WARN_OBJC_IMPLICIT_RETAIN_SELF = YES;
				CLANG_WARN_OBJC_LITERAL_CONVERSION = YES;
				CLANG_WARN_OBJC_ROOT_CLASS = YES_ERROR;
				CLANG_WARN_QUOTED_INCLUDE_IN_FRAMEWORK_HEADER = YES;
				CLANG_WARN_RANGE_LOOP_ANALYSIS = YES;
				CLANG_WARN_STRICT_PROTOTYPES = YES;
				CLANG_WARN_SUSPICIOUS_MOVE = YES;
				CLANG_WARN_UNGUARDED_AVAILABILITY = YES_AGGRESSIVE;
				CLANG_WARN_UNREACHABLE_CODE = YES;
				CLANG_WARN__DUPLICATE_METHOD_MATCH = YES;
				COPY_PHASE_STRIP = NO;
				DEBUG_INFORMATION_FORMAT = dwarf;
				ENABLE_STRICT_OBJC_MSGSEND = YES;
				ENABLE_TESTABILITY = YES;
				GCC_C_LANGUAGE_STANDARD = gnu11;
				GCC_DYNAMIC_NO_PIC = NO;
				GCC_NO_COMMON_BLOCKS = YES;
				GCC_OPTIMIZATION_LEVEL = 0;
				GCC_PREPROCESSOR_DEFINITIONS = (
					"DEBUG=1",
					"$(inherited)",
				);
				GCC_WARN_64_TO_32_BIT_CONVERSION = YES;
				GCC_WARN_ABOUT_RETURN_TYPE = YES_ERROR;
				GCC_WARN_UNDECLARED_SELECTOR = YES;
				GCC_WARN_UNINITIALIZED_AUTOS = YES_AGGRESSIVE;
				GCC_WARN_UNUSED_FUNCTION = YES;
				GCC_WARN_UNUSED_VARIABLE = YES;
				IPHONEOS_DEPLOYMENT_TARGET = 16.0;
				MTL_ENABLE_DEBUG_INFO = INCLUDE_SOURCE;
				MTL_FAST_MATH = YES;
				ONLY_ACTIVE_ARCH = YES;
				SDKROOT = iphoneos;
				SWIFT_ACTIVE_COMPILATION_CONDITIONS = DEBUG;
				SWIFT_OPTIMIZATION_LEVEL = "-Onone";
			};
			name = Debug;
		};
		C7CB04C92990ADC80098F45B /* Release */ = {
			isa = XCBuildConfiguration;
			buildSettings = {
				ALWAYS_SEARCH_USER_PATHS = NO;
				CLANG_ANALYZER_NONNULL = YES;
				CLANG_ANALYZER_NUMBER_OBJECT_CONVERSION = YES_AGGRESSIVE;
				CLANG_CXX_LANGUAGE_STANDARD = "gnu++20";
				CLANG_ENABLE_MODULES = YES;
				CLANG_ENABLE_OBJC_ARC = YES;
				CLANG_ENABLE_OBJC_WEAK = YES;
				CLANG_WARN_BLOCK_CAPTURE_AUTORELEASING = YES;
				CLANG_WARN_BOOL_CONVERSION = YES;
				CLANG_WARN_COMMA = YES;
				CLANG_WARN_CONSTANT_CONVERSION = YES;
				CLANG_WARN_DEPRECATED_OBJC_IMPLEMENTATIONS = YES;
				CLANG_WARN_DIRECT_OBJC_ISA_USAGE = YES_ERROR;
				CLANG_WARN_DOCUMENTATION_COMMENTS = YES;
				CLANG_WARN_EMPTY_BODY = YES;
				CLANG_WARN_ENUM_CONVERSION = YES;
				CLANG_WARN_INFINITE_RECURSION = YES;
				CLANG_WARN_INT_CONVERSION = YES;
				CLANG_WARN_NON_LITERAL_NULL_CONVERSION = YES;
				CLANG_WARN_OBJC_IMPLICIT_RETAIN_SELF = YES;
				CLANG_WARN_OBJC_LITERAL_CONVERSION = YES;
				CLANG_WARN_OBJC_ROOT_CLASS = YES_ERROR;
				CLANG_WARN_QUOTED_INCLUDE_IN_FRAMEWORK_HEADER = YES;
				CLANG_WARN_RANGE_LOOP_ANALYSIS = YES;
				CLANG_WARN_STRICT_PROTOTYPES = YES;
				CLANG_WARN_SUSPICIOUS_MOVE = YES;
				CLANG_WARN_UNGUARDED_AVAILABILITY = YES_AGGRESSIVE;
				CLANG_WARN_UNREACHABLE_CODE = YES;
				CLANG_WARN__DUPLICATE_METHOD_MATCH = YES;
				COPY_PHASE_STRIP = NO;
				DEBUG_INFORMATION_FORMAT = "dwarf-with-dsym";
				ENABLE_NS_ASSERTIONS = NO;
				ENABLE_STRICT_OBJC_MSGSEND = YES;
				GCC_C_LANGUAGE_STANDARD = gnu11;
				GCC_NO_COMMON_BLOCKS = YES;
				GCC_WARN_64_TO_32_BIT_CONVERSION = YES;
				GCC_WARN_ABOUT_RETURN_TYPE = YES_ERROR;
				GCC_WARN_UNDECLARED_SELECTOR = YES;
				GCC_WARN_UNINITIALIZED_AUTOS = YES_AGGRESSIVE;
				GCC_WARN_UNUSED_FUNCTION = YES;
				GCC_WARN_UNUSED_VARIABLE = YES;
				IPHONEOS_DEPLOYMENT_TARGET = 16.0;
				MTL_ENABLE_DEBUG_INFO = NO;
				MTL_FAST_MATH = YES;
				SDKROOT = iphoneos;
				SWIFT_COMPILATION_MODE = wholemodule;
				SWIFT_OPTIMIZATION_LEVEL = "-O";
				VALIDATE_PRODUCT = YES;
			};
			name = Release;
		};
		C7CB04CB2990ADC80098F45B /* Debug */ = {
			isa = XCBuildConfiguration;
			buildSettings = {
				ASSETCATALOG_COMPILER_APPICON_NAME = AppIcon;
				ASSETCATALOG_COMPILER_GLOBAL_ACCENT_COLOR_NAME = AccentColor;
				CODE_SIGN_STYLE = Automatic;
				CURRENT_PROJECT_VERSION = 1;
				GENERATE_INFOPLIST_FILE = YES;
				INFOPLIST_FILE = RickMort/Info.plist;
				INFOPLIST_KEY_CFBundleDisplayName = "Rick & Morty";
				INFOPLIST_KEY_LSApplicationCategoryType = "public.app-category.education";
				INFOPLIST_KEY_UIApplicationSupportsIndirectInputEvents = YES;
				INFOPLIST_KEY_UILaunchStoryboardName = LaunchScreen;
				INFOPLIST_KEY_UISupportedInterfaceOrientations_iPad = "UIInterfaceOrientationPortrait UIInterfaceOrientationPortraitUpsideDown UIInterfaceOrientationLandscapeLeft UIInterfaceOrientationLandscapeRight";
				INFOPLIST_KEY_UISupportedInterfaceOrientations_iPhone = "UIInterfaceOrientationPortrait UIInterfaceOrientationLandscapeLeft UIInterfaceOrientationLandscapeRight";
				LD_RUNPATH_SEARCH_PATHS = (
					"$(inherited)",
					"@executable_path/Frameworks",
				);
				MARKETING_VERSION = 1.0;
				PRODUCT_BUNDLE_IDENTIFIER = com.essentialdev.Feed.RickMort;
				PRODUCT_NAME = "$(TARGET_NAME)";
				SWIFT_EMIT_LOC_STRINGS = YES;
				SWIFT_VERSION = 5.0;
				TARGETED_DEVICE_FAMILY = "1,2";
			};
			name = Debug;
		};
		C7CB04CC2990ADC80098F45B /* Release */ = {
			isa = XCBuildConfiguration;
			buildSettings = {
				ASSETCATALOG_COMPILER_APPICON_NAME = AppIcon;
				ASSETCATALOG_COMPILER_GLOBAL_ACCENT_COLOR_NAME = AccentColor;
				CODE_SIGN_STYLE = Automatic;
				CURRENT_PROJECT_VERSION = 1;
				GENERATE_INFOPLIST_FILE = YES;
				INFOPLIST_FILE = RickMort/Info.plist;
				INFOPLIST_KEY_CFBundleDisplayName = "Rick & Morty";
				INFOPLIST_KEY_LSApplicationCategoryType = "public.app-category.education";
				INFOPLIST_KEY_UIApplicationSupportsIndirectInputEvents = YES;
				INFOPLIST_KEY_UILaunchStoryboardName = LaunchScreen;
				INFOPLIST_KEY_UISupportedInterfaceOrientations_iPad = "UIInterfaceOrientationPortrait UIInterfaceOrientationPortraitUpsideDown UIInterfaceOrientationLandscapeLeft UIInterfaceOrientationLandscapeRight";
				INFOPLIST_KEY_UISupportedInterfaceOrientations_iPhone = "UIInterfaceOrientationPortrait UIInterfaceOrientationLandscapeLeft UIInterfaceOrientationLandscapeRight";
				LD_RUNPATH_SEARCH_PATHS = (
					"$(inherited)",
					"@executable_path/Frameworks",
				);
				MARKETING_VERSION = 1.0;
				PRODUCT_BUNDLE_IDENTIFIER = com.essentialdev.Feed.RickMort;
				PRODUCT_NAME = "$(TARGET_NAME)";
				SWIFT_EMIT_LOC_STRINGS = YES;
				SWIFT_VERSION = 5.0;
				TARGETED_DEVICE_FAMILY = "1,2";
			};
			name = Release;
		};
/* End XCBuildConfiguration section */

/* Begin XCConfigurationList section */
		C7CB04B12990ADC70098F45B /* Build configuration list for PBXProject "RickMort" */ = {
			isa = XCConfigurationList;
			buildConfigurations = (
				C7CB04C82990ADC80098F45B /* Debug */,
				C7CB04C92990ADC80098F45B /* Release */,
			);
			defaultConfigurationIsVisible = 0;
			defaultConfigurationName = Release;
		};
		C7CB04CA2990ADC80098F45B /* Build configuration list for PBXNativeTarget "RickMort" */ = {
			isa = XCConfigurationList;
			buildConfigurations = (
				C7CB04CB2990ADC80098F45B /* Debug */,
				C7CB04CC2990ADC80098F45B /* Release */,
			);
			defaultConfigurationIsVisible = 0;
			defaultConfigurationName = Release;
		};
/* End XCConfigurationList section */
	};
	rootObject = C7CB04AE2990ADC70098F45B /* Project object */;
}
